// !$*UTF8*$!
{
	archiveVersion = 1;
	classes = {
	};
	objectVersion = 55;
	objects = {

/* Begin PBXBuildFile section */
		C40321EBCBBF48BB4F17D0C9 /* Pods_testPod.framework in Frameworks */ = {isa = PBXBuildFile; fileRef = 0F152B62801D55FCA81A111E /* Pods_testPod.framework */; };
		E73A7D862923A8B700B9A9B3 /* File.swift in Sources */ = {isa = PBXBuildFile; fileRef = E73A7D852923A8B700B9A9B3 /* File.swift */; };
		E75049DC2A4C288C000B5376 /* NativeAdTableViewCell.xib in Resources */ = {isa = PBXBuildFile; fileRef = E75049D92A4C288B000B5376 /* NativeAdTableViewCell.xib */; };
		E75049DD2A4C288C000B5376 /* NativeAdTableViewCell.m in Sources */ = {isa = PBXBuildFile; fileRef = E75049DA2A4C288B000B5376 /* NativeAdTableViewCell.m */; };
		E75049DE2A4C288C000B5376 /* NativeAdViewController.m in Sources */ = {isa = PBXBuildFile; fileRef = E75049DB2A4C288B000B5376 /* NativeAdViewController.m */; };
		E7504A692A4E7F00000B5376 /* DrawVideoViewController.m in Sources */ = {isa = PBXBuildFile; fileRef = E7504A672A4E7F00000B5376 /* DrawVideoViewController.m */; };
		E78CDEEB2897AD4F00B0E5AA /* Main.storyboard in Resources */ = {isa = PBXBuildFile; fileRef = E78CDEE92897AD4F00B0E5AA /* Main.storyboard */; };
		E78CDEED2897AD6500B0E5AA /* Assets.xcassets in Resources */ = {isa = PBXBuildFile; fileRef = E78CDEEC2897AD6500B0E5AA /* Assets.xcassets */; };
		E78CDEF02897AD6600B0E5AA /* LaunchScreen.storyboard in Resources */ = {isa = PBXBuildFile; fileRef = E78CDEEE2897AD6600B0E5AA /* LaunchScreen.storyboard */; };
		E78CDEF32897AD6600B0E5AA /* main.m in Sources */ = {isa = PBXBuildFile; fileRef = E78CDEF22897AD6600B0E5AA /* main.m */; };
		E78CDF172897B85500B0E5AA /* ViewController.m in Sources */ = {isa = PBXBuildFile; fileRef = E78CDEF92897B85400B0E5AA /* ViewController.m */; };
		E78CDF182897B85500B0E5AA /* InterstitialViewController.m in Sources */ = {isa = PBXBuildFile; fileRef = E78CDEFA2897B85400B0E5AA /* InterstitialViewController.m */; };
		E78CDF192897B85500B0E5AA /* AppDelegate.m in Sources */ = {isa = PBXBuildFile; fileRef = E78CDEFB2897B85400B0E5AA /* AppDelegate.m */; };
		E78CDF1A2897B85500B0E5AA /* BannerViewController.m in Sources */ = {isa = PBXBuildFile; fileRef = E78CDEFC2897B85400B0E5AA /* BannerViewController.m */; };
		E78CDF1B2897B85500B0E5AA /* HalfLaunchScreenViewController.m in Sources */ = {isa = PBXBuildFile; fileRef = E78CDEFD2897B85400B0E5AA /* HalfLaunchScreenViewController.m */; };
		E78CDF1C2897B85500B0E5AA /* LaunchScreenViewController.m in Sources */ = {isa = PBXBuildFile; fileRef = E78CDF002897B85400B0E5AA /* LaunchScreenViewController.m */; };
		E78CDF1D2897B85500B0E5AA /* MotivationVideoViewController.m in Sources */ = {isa = PBXBuildFile; fileRef = E78CDF032897B85400B0E5AA /* MotivationVideoViewController.m */; };
		E78CDF1F2897B85500B0E5AA /* ADTableViewCell.m in Sources */ = {isa = PBXBuildFile; fileRef = E78CDF062897B85400B0E5AA /* ADTableViewCell.m */; };
		E78CDF202897B85500B0E5AA /* NativeExpressAdController.m in Sources */ = {isa = PBXBuildFile; fileRef = E78CDF072897B85400B0E5AA /* NativeExpressAdController.m */; };
		E78CDF212897B85500B0E5AA /* PasterVideoViewController.m in Sources */ = {isa = PBXBuildFile; fileRef = E78CDF082897B85400B0E5AA /* PasterVideoViewController.m */; };
		E78CDF222897B85500B0E5AA /* FullscreenVideoViewController.m in Sources */ = {isa = PBXBuildFile; fileRef = E78CDF0A2897B85400B0E5AA /* FullscreenVideoViewController.m */; };
		E78CDF232897B85500B0E5AA /* IDFAViewController.m in Sources */ = {isa = PBXBuildFile; fileRef = E78CDF0B2897B85400B0E5AA /* IDFAViewController.m */; };
		E78CDF242897B85500B0E5AA /* ADTableViewCell.xib in Resources */ = {isa = PBXBuildFile; fileRef = E78CDF0F2897B85500B0E5AA /* ADTableViewCell.xib */; };
		E78CDF252897B85500B0E5AA /* FeedAdViewController.m in Sources */ = {isa = PBXBuildFile; fileRef = E78CDF102897B85500B0E5AA /* FeedAdViewController.m */; };
/* End PBXBuildFile section */

/* Begin PBXFileReference section */
		0F152B62801D55FCA81A111E /* Pods_testPod.framework */ = {isa = PBXFileReference; explicitFileType = wrapper.framework; includeInIndex = 0; path = Pods_testPod.framework; sourceTree = BUILT_PRODUCTS_DIR; };
		68B59CEC02BF41B13F97A7B4 /* Pods-testPod.release.xcconfig */ = {isa = PBXFileReference; includeInIndex = 1; lastKnownFileType = text.xcconfig; name = "Pods-testPod.release.xcconfig"; path = "Target Support Files/Pods-testPod/Pods-testPod.release.xcconfig"; sourceTree = "<group>"; };
		96BFCA1678874300D1AB87D5 /* Pods-testPod.debug.xcconfig */ = {isa = PBXFileReference; includeInIndex = 1; lastKnownFileType = text.xcconfig; name = "Pods-testPod.debug.xcconfig"; path = "Target Support Files/Pods-testPod/Pods-testPod.debug.xcconfig"; sourceTree = "<group>"; };
		E73A7D842923A8B700B9A9B3 /* testPod-Bridging-Header.h */ = {isa = PBXFileReference; lastKnownFileType = sourcecode.c.h; path = "testPod-Bridging-Header.h"; sourceTree = "<group>"; };
		E73A7D852923A8B700B9A9B3 /* File.swift */ = {isa = PBXFileReference; lastKnownFileType = sourcecode.swift; path = File.swift; sourceTree = "<group>"; };
		E75049D72A4C288B000B5376 /* NativeAdTableViewCell.h */ = {isa = PBXFileReference; fileEncoding = 4; lastKnownFileType = sourcecode.c.h; path = NativeAdTableViewCell.h; sourceTree = "<group>"; };
		E75049D82A4C288B000B5376 /* NativeAdViewController.h */ = {isa = PBXFileReference; fileEncoding = 4; lastKnownFileType = sourcecode.c.h; path = NativeAdViewController.h; sourceTree = "<group>"; };
		E75049D92A4C288B000B5376 /* NativeAdTableViewCell.xib */ = {isa = PBXFileReference; fileEncoding = 4; lastKnownFileType = file.xib; path = NativeAdTableViewCell.xib; sourceTree = "<group>"; };
		E75049DA2A4C288B000B5376 /* NativeAdTableViewCell.m */ = {isa = PBXFileReference; fileEncoding = 4; lastKnownFileType = sourcecode.c.objc; path = NativeAdTableViewCell.m; sourceTree = "<group>"; };
		E75049DB2A4C288B000B5376 /* NativeAdViewController.m */ = {isa = PBXFileReference; fileEncoding = 4; lastKnownFileType = sourcecode.c.objc; path = NativeAdViewController.m; sourceTree = "<group>"; };
		E7504A672A4E7F00000B5376 /* DrawVideoViewController.m */ = {isa = PBXFileReference; fileEncoding = 4; lastKnownFileType = sourcecode.c.objc; path = DrawVideoViewController.m; sourceTree = "<group>"; };
		E7504A682A4E7F00000B5376 /* DrawVideoViewController.h */ = {isa = PBXFileReference; fileEncoding = 4; lastKnownFileType = sourcecode.c.h; path = DrawVideoViewController.h; sourceTree = "<group>"; };
		E78CDEDD2897AD4F00B0E5AA /* testPod.app */ = {isa = PBXFileReference; explicitFileType = wrapper.application; includeInIndex = 0; path = testPod.app; sourceTree = BUILT_PRODUCTS_DIR; };
		E78CDEEA2897AD4F00B0E5AA /* Base */ = {isa = PBXFileReference; lastKnownFileType = file.storyboard; name = Base; path = Base.lproj/Main.storyboard; sourceTree = "<group>"; };
		E78CDEEC2897AD6500B0E5AA /* Assets.xcassets */ = {isa = PBXFileReference; lastKnownFileType = folder.assetcatalog; path = Assets.xcassets; sourceTree = "<group>"; };
		E78CDEEF2897AD6600B0E5AA /* Base */ = {isa = PBXFileReference; lastKnownFileType = file.storyboard; name = Base; path = Base.lproj/LaunchScreen.storyboard; sourceTree = "<group>"; };
		E78CDEF12897AD6600B0E5AA /* Info.plist */ = {isa = PBXFileReference; lastKnownFileType = text.plist.xml; path = Info.plist; sourceTree = "<group>"; };
		E78CDEF22897AD6600B0E5AA /* main.m */ = {isa = PBXFileReference; lastKnownFileType = sourcecode.c.objc; path = main.m; sourceTree = "<group>"; };
		E78CDEF92897B85400B0E5AA /* ViewController.m */ = {isa = PBXFileReference; fileEncoding = 4; lastKnownFileType = sourcecode.c.objc; path = ViewController.m; sourceTree = "<group>"; };
		E78CDEFA2897B85400B0E5AA /* InterstitialViewController.m */ = {isa = PBXFileReference; fileEncoding = 4; lastKnownFileType = sourcecode.c.objc; path = InterstitialViewController.m; sourceTree = "<group>"; };
		E78CDEFB2897B85400B0E5AA /* AppDelegate.m */ = {isa = PBXFileReference; fileEncoding = 4; lastKnownFileType = sourcecode.c.objc; path = AppDelegate.m; sourceTree = "<group>"; };
		E78CDEFC2897B85400B0E5AA /* BannerViewController.m */ = {isa = PBXFileReference; fileEncoding = 4; lastKnownFileType = sourcecode.c.objc; path = BannerViewController.m; sourceTree = "<group>"; };
		E78CDEFD2897B85400B0E5AA /* HalfLaunchScreenViewController.m */ = {isa = PBXFileReference; fileEncoding = 4; lastKnownFileType = sourcecode.c.objc; path = HalfLaunchScreenViewController.m; sourceTree = "<group>"; };
		E78CDEFE2897B85400B0E5AA /* IDFAViewController.h */ = {isa = PBXFileReference; fileEncoding = 4; lastKnownFileType = sourcecode.c.h; path = IDFAViewController.h; sourceTree = "<group>"; };
		E78CDEFF2897B85400B0E5AA /* BannerViewController.h */ = {isa = PBXFileReference; fileEncoding = 4; lastKnownFileType = sourcecode.c.h; path = BannerViewController.h; sourceTree = "<group>"; };
		E78CDF002897B85400B0E5AA /* LaunchScreenViewController.m */ = {isa = PBXFileReference; fileEncoding = 4; lastKnownFileType = sourcecode.c.objc; path = LaunchScreenViewController.m; sourceTree = "<group>"; };
		E78CDF012897B85400B0E5AA /* PasterVideoViewController.h */ = {isa = PBXFileReference; fileEncoding = 4; lastKnownFileType = sourcecode.c.h; path = PasterVideoViewController.h; sourceTree = "<group>"; };
		E78CDF022897B85400B0E5AA /* AppDelegate.h */ = {isa = PBXFileReference; fileEncoding = 4; lastKnownFileType = sourcecode.c.h; path = AppDelegate.h; sourceTree = "<group>"; };
		E78CDF032897B85400B0E5AA /* MotivationVideoViewController.m */ = {isa = PBXFileReference; fileEncoding = 4; lastKnownFileType = sourcecode.c.objc; path = MotivationVideoViewController.m; sourceTree = "<group>"; };
		E78CDF062897B85400B0E5AA /* ADTableViewCell.m */ = {isa = PBXFileReference; fileEncoding = 4; lastKnownFileType = sourcecode.c.objc; path = ADTableViewCell.m; sourceTree = "<group>"; };
		E78CDF072897B85400B0E5AA /* NativeExpressAdController.m */ = {isa = PBXFileReference; fileEncoding = 4; lastKnownFileType = sourcecode.c.objc; path = NativeExpressAdController.m; sourceTree = "<group>"; };
		E78CDF082897B85400B0E5AA /* PasterVideoViewController.m */ = {isa = PBXFileReference; fileEncoding = 4; lastKnownFileType = sourcecode.c.objc; path = PasterVideoViewController.m; sourceTree = "<group>"; };
		E78CDF092897B85400B0E5AA /* ADTableViewCell.h */ = {isa = PBXFileReference; fileEncoding = 4; lastKnownFileType = sourcecode.c.h; path = ADTableViewCell.h; sourceTree = "<group>"; };
		E78CDF0A2897B85400B0E5AA /* FullscreenVideoViewController.m */ = {isa = PBXFileReference; fileEncoding = 4; lastKnownFileType = sourcecode.c.objc; path = FullscreenVideoViewController.m; sourceTree = "<group>"; };
		E78CDF0B2897B85400B0E5AA /* IDFAViewController.m */ = {isa = PBXFileReference; fileEncoding = 4; lastKnownFileType = sourcecode.c.objc; path = IDFAViewController.m; sourceTree = "<group>"; };
		E78CDF0C2897B85400B0E5AA /* FullscreenVideoViewController.h */ = {isa = PBXFileReference; fileEncoding = 4; lastKnownFileType = sourcecode.c.h; path = FullscreenVideoViewController.h; sourceTree = "<group>"; };
		E78CDF0D2897B85400B0E5AA /* ADInfo.h */ = {isa = PBXFileReference; fileEncoding = 4; lastKnownFileType = sourcecode.c.h; path = ADInfo.h; sourceTree = "<group>"; };
		E78CDF0E2897B85400B0E5AA /* InterstitialViewController.h */ = {isa = PBXFileReference; fileEncoding = 4; lastKnownFileType = sourcecode.c.h; path = InterstitialViewController.h; sourceTree = "<group>"; };
		E78CDF0F2897B85500B0E5AA /* ADTableViewCell.xib */ = {isa = PBXFileReference; fileEncoding = 4; lastKnownFileType = file.xib; path = ADTableViewCell.xib; sourceTree = "<group>"; };
		E78CDF102897B85500B0E5AA /* FeedAdViewController.m */ = {isa = PBXFileReference; fileEncoding = 4; lastKnownFileType = sourcecode.c.objc; path = FeedAdViewController.m; sourceTree = "<group>"; };
		E78CDF112897B85500B0E5AA /* MotivationVideoViewController.h */ = {isa = PBXFileReference; fileEncoding = 4; lastKnownFileType = sourcecode.c.h; path = MotivationVideoViewController.h; sourceTree = "<group>"; };
		E78CDF122897B85500B0E5AA /* HalfLaunchScreenViewController.h */ = {isa = PBXFileReference; fileEncoding = 4; lastKnownFileType = sourcecode.c.h; path = HalfLaunchScreenViewController.h; sourceTree = "<group>"; };
		E78CDF132897B85500B0E5AA /* ViewController.h */ = {isa = PBXFileReference; fileEncoding = 4; lastKnownFileType = sourcecode.c.h; path = ViewController.h; sourceTree = "<group>"; };
		E78CDF142897B85500B0E5AA /* LaunchScreenViewController.h */ = {isa = PBXFileReference; fileEncoding = 4; lastKnownFileType = sourcecode.c.h; path = LaunchScreenViewController.h; sourceTree = "<group>"; };
		E78CDF152897B85500B0E5AA /* NativeExpressAdController.h */ = {isa = PBXFileReference; fileEncoding = 4; lastKnownFileType = sourcecode.c.h; path = NativeExpressAdController.h; sourceTree = "<group>"; };
		E78CDF162897B85500B0E5AA /* FeedAdViewController.h */ = {isa = PBXFileReference; fileEncoding = 4; lastKnownFileType = sourcecode.c.h; path = FeedAdViewController.h; sourceTree = "<group>"; };
/* End PBXFileReference section */

/* Begin PBXFrameworksBuildPhase section */
		E78CDEDA2897AD4F00B0E5AA /* Frameworks */ = {
			isa = PBXFrameworksBuildPhase;
			buildActionMask = 2147483647;
			files = (
				C40321EBCBBF48BB4F17D0C9 /* Pods_testPod.framework in Frameworks */,
			);
			runOnlyForDeploymentPostprocessing = 0;
		};
/* End PBXFrameworksBuildPhase section */

/* Begin PBXGroup section */
		23229412DFAE8963C6FE930A /* Pods */ = {
			isa = PBXGroup;
			children = (
				96BFCA1678874300D1AB87D5 /* Pods-testPod.debug.xcconfig */,
				68B59CEC02BF41B13F97A7B4 /* Pods-testPod.release.xcconfig */,
			);
			path = Pods;
			sourceTree = "<group>";
		};
		70695C5F7007C10BBD97DC9F /* Frameworks */ = {
			isa = PBXGroup;
			children = (
				0F152B62801D55FCA81A111E /* Pods_testPod.framework */,
			);
			name = Frameworks;
			sourceTree = "<group>";
		};
		E78CDED42897AD4F00B0E5AA = {
			isa = PBXGroup;
			children = (
				E78CDEDF2897AD4F00B0E5AA /* testPod */,
				E78CDEDE2897AD4F00B0E5AA /* Products */,
				70695C5F7007C10BBD97DC9F /* Frameworks */,
				23229412DFAE8963C6FE930A /* Pods */,
			);
			sourceTree = "<group>";
		};
		E78CDEDE2897AD4F00B0E5AA /* Products */ = {
			isa = PBXGroup;
			children = (
				E78CDEDD2897AD4F00B0E5AA /* testPod.app */,
			);
			name = Products;
			sourceTree = "<group>";
		};
		E78CDEDF2897AD4F00B0E5AA /* testPod */ = {
			isa = PBXGroup;
			children = (
				E78CDF0D2897B85400B0E5AA /* ADInfo.h */,
				E78CDF022897B85400B0E5AA /* AppDelegate.h */,
				E78CDEFB2897B85400B0E5AA /* AppDelegate.m */,
				E78CDF132897B85500B0E5AA /* ViewController.h */,
				E78CDEF92897B85400B0E5AA /* ViewController.m */,
				E78CDF142897B85500B0E5AA /* LaunchScreenViewController.h */,
				E78CDF002897B85400B0E5AA /* LaunchScreenViewController.m */,
				E78CDF122897B85500B0E5AA /* HalfLaunchScreenViewController.h */,
				E78CDEFD2897B85400B0E5AA /* HalfLaunchScreenViewController.m */,
				E78CDF0E2897B85400B0E5AA /* InterstitialViewController.h */,
				E78CDEFA2897B85400B0E5AA /* InterstitialViewController.m */,
				E78CDEFF2897B85400B0E5AA /* BannerViewController.h */,
				E78CDEFC2897B85400B0E5AA /* BannerViewController.m */,
				E78CDF0C2897B85400B0E5AA /* FullscreenVideoViewController.h */,
				E78CDF0A2897B85400B0E5AA /* FullscreenVideoViewController.m */,
				E78CDF112897B85500B0E5AA /* MotivationVideoViewController.h */,
				E78CDF032897B85400B0E5AA /* MotivationVideoViewController.m */,
				E78CDF162897B85500B0E5AA /* FeedAdViewController.h */,
				E78CDF102897B85500B0E5AA /* FeedAdViewController.m */,
				E78CDF092897B85400B0E5AA /* ADTableViewCell.h */,
				E78CDF062897B85400B0E5AA /* ADTableViewCell.m */,
				E78CDF0F2897B85500B0E5AA /* ADTableViewCell.xib */,
				E78CDF152897B85500B0E5AA /* NativeExpressAdController.h */,
				E78CDF072897B85400B0E5AA /* NativeExpressAdController.m */,
				E78CDF012897B85400B0E5AA /* PasterVideoViewController.h */,
				E78CDF082897B85400B0E5AA /* PasterVideoViewController.m */,
				E7504A682A4E7F00000B5376 /* DrawVideoViewController.h */,
				E7504A672A4E7F00000B5376 /* DrawVideoViewController.m */,
				E75049D72A4C288B000B5376 /* NativeAdTableViewCell.h */,
				E75049DA2A4C288B000B5376 /* NativeAdTableViewCell.m */,
				E75049D92A4C288B000B5376 /* NativeAdTableViewCell.xib */,
				E75049D82A4C288B000B5376 /* NativeAdViewController.h */,
				E75049DB2A4C288B000B5376 /* NativeAdViewController.m */,
				E78CDEFE2897B85400B0E5AA /* IDFAViewController.h */,
				E78CDF0B2897B85400B0E5AA /* IDFAViewController.m */,
				E73A7D852923A8B700B9A9B3 /* File.swift */,
				E78CDEE92897AD4F00B0E5AA /* Main.storyboard */,
				E78CDEEC2897AD6500B0E5AA /* Assets.xcassets */,
				E78CDEEE2897AD6600B0E5AA /* LaunchScreen.storyboard */,
				E78CDEF12897AD6600B0E5AA /* Info.plist */,
				E78CDEF22897AD6600B0E5AA /* main.m */,
				E73A7D842923A8B700B9A9B3 /* testPod-Bridging-Header.h */,
			);
			path = testPod;
			sourceTree = "<group>";
		};
/* End PBXGroup section */

/* Begin PBXNativeTarget section */
		E78CDEDC2897AD4F00B0E5AA /* testPod */ = {
			isa = PBXNativeTarget;
			buildConfigurationList = E78CDEF62897AD6600B0E5AA /* Build configuration list for PBXNativeTarget "testPod" */;
			buildPhases = (
				CE7042EA3E5252F682683E9B /* [CP] Check Pods Manifest.lock */,
				E78CDED92897AD4F00B0E5AA /* Sources */,
				E78CDEDA2897AD4F00B0E5AA /* Frameworks */,
				E78CDEDB2897AD4F00B0E5AA /* Resources */,
				F34572A51380392D9BE9DB15 /* [CP] Embed Pods Frameworks */,
				5B2B9BAB231CA7D7D03BCF5C /* [CP] Copy Pods Resources */,
			);
			buildRules = (
			);
			dependencies = (
			);
			name = testPod;
			productName = testPod;
			productReference = E78CDEDD2897AD4F00B0E5AA /* testPod.app */;
			productType = "com.apple.product-type.application";
		};
/* End PBXNativeTarget section */

/* Begin PBXProject section */
		E78CDED52897AD4F00B0E5AA /* Project object */ = {
			isa = PBXProject;
			attributes = {
				BuildIndependentTargetsInParallel = 1;
				LastUpgradeCheck = 1340;
				TargetAttributes = {
					E78CDEDC2897AD4F00B0E5AA = {
						CreatedOnToolsVersion = 13.4.1;
						LastSwiftMigration = 1410;
					};
				};
			};
			buildConfigurationList = E78CDED82897AD4F00B0E5AA /* Build configuration list for PBXProject "testPod" */;
			compatibilityVersion = "Xcode 13.0";
			developmentRegion = en;
			hasScannedForEncodings = 0;
			knownRegions = (
				en,
				Base,
			);
			mainGroup = E78CDED42897AD4F00B0E5AA;
			productRefGroup = E78CDEDE2897AD4F00B0E5AA /* Products */;
			projectDirPath = "";
			projectRoot = "";
			targets = (
				E78CDEDC2897AD4F00B0E5AA /* testPod */,
			);
		};
/* End PBXProject section */

/* Begin PBXResourcesBuildPhase section */
		E78CDEDB2897AD4F00B0E5AA /* Resources */ = {
			isa = PBXResourcesBuildPhase;
			buildActionMask = 2147483647;
			files = (
				E78CDF242897B85500B0E5AA /* ADTableViewCell.xib in Resources */,
				E78CDEF02897AD6600B0E5AA /* LaunchScreen.storyboard in Resources */,
				E78CDEED2897AD6500B0E5AA /* Assets.xcassets in Resources */,
				E78CDEEB2897AD4F00B0E5AA /* Main.storyboard in Resources */,
				E75049DC2A4C288C000B5376 /* NativeAdTableViewCell.xib in Resources */,
			);
			runOnlyForDeploymentPostprocessing = 0;
		};
/* End PBXResourcesBuildPhase section */

/* Begin PBXShellScriptBuildPhase section */
		5B2B9BAB231CA7D7D03BCF5C /* [CP] Copy Pods Resources */ = {
			isa = PBXShellScriptBuildPhase;
			buildActionMask = 2147483647;
			files = (
			);
			inputFileListPaths = (
				"${PODS_ROOT}/Target Support Files/Pods-testPod/Pods-testPod-resources-${CONFIGURATION}-input-files.xcfilelist",
			);
			name = "[CP] Copy Pods Resources";
			outputFileListPaths = (
				"${PODS_ROOT}/Target Support Files/Pods-testPod/Pods-testPod-resources-${CONFIGURATION}-output-files.xcfilelist",
			);
			runOnlyForDeploymentPostprocessing = 0;
			shellPath = /bin/sh;
			shellScript = "\"${PODS_ROOT}/Target Support Files/Pods-testPod/Pods-testPod-resources.sh\"\n";
			showEnvVarsInLog = 0;
		};
		CE7042EA3E5252F682683E9B /* [CP] Check Pods Manifest.lock */ = {
			isa = PBXShellScriptBuildPhase;
			buildActionMask = 2147483647;
			files = (
			);
			inputFileListPaths = (
			);
			inputPaths = (
				"${PODS_PODFILE_DIR_PATH}/Podfile.lock",
				"${PODS_ROOT}/Manifest.lock",
			);
			name = "[CP] Check Pods Manifest.lock";
			outputFileListPaths = (
			);
			outputPaths = (
				"$(DERIVED_FILE_DIR)/Pods-testPod-checkManifestLockResult.txt",
			);
			runOnlyForDeploymentPostprocessing = 0;
			shellPath = /bin/sh;
			shellScript = "diff \"${PODS_PODFILE_DIR_PATH}/Podfile.lock\" \"${PODS_ROOT}/Manifest.lock\" > /dev/null\nif [ $? != 0 ] ; then\n    # print error to STDERR\n    echo \"error: The sandbox is not in sync with the Podfile.lock. Run 'pod install' or update your CocoaPods installation.\" >&2\n    exit 1\nfi\n# This output is used by Xcode 'outputs' to avoid re-running this script phase.\necho \"SUCCESS\" > \"${SCRIPT_OUTPUT_FILE_0}\"\n";
			showEnvVarsInLog = 0;
		};
		F34572A51380392D9BE9DB15 /* [CP] Embed Pods Frameworks */ = {
			isa = PBXShellScriptBuildPhase;
			buildActionMask = 2147483647;
			files = (
			);
			inputFileListPaths = (
				"${PODS_ROOT}/Target Support Files/Pods-testPod/Pods-testPod-frameworks-${CONFIGURATION}-input-files.xcfilelist",
			);
			name = "[CP] Embed Pods Frameworks";
			outputFileListPaths = (
				"${PODS_ROOT}/Target Support Files/Pods-testPod/Pods-testPod-frameworks-${CONFIGURATION}-output-files.xcfilelist",
			);
			runOnlyForDeploymentPostprocessing = 0;
			shellPath = /bin/sh;
			shellScript = "\"${PODS_ROOT}/Target Support Files/Pods-testPod/Pods-testPod-frameworks.sh\"\n";
			showEnvVarsInLog = 0;
		};
/* End PBXShellScriptBuildPhase section */

/* Begin PBXSourcesBuildPhase section */
		E78CDED92897AD4F00B0E5AA /* Sources */ = {
			isa = PBXSourcesBuildPhase;
			buildActionMask = 2147483647;
			files = (
				E78CDF192897B85500B0E5AA /* AppDelegate.m in Sources */,
				E75049DD2A4C288C000B5376 /* NativeAdTableViewCell.m in Sources */,
				E7504A692A4E7F00000B5376 /* DrawVideoViewController.m in Sources */,
				E78CDF1C2897B85500B0E5AA /* LaunchScreenViewController.m in Sources */,
				E78CDF1D2897B85500B0E5AA /* MotivationVideoViewController.m in Sources */,
				E78CDF252897B85500B0E5AA /* FeedAdViewController.m in Sources */,
				E78CDF212897B85500B0E5AA /* PasterVideoViewController.m in Sources */,
				E73A7D862923A8B700B9A9B3 /* File.swift in Sources */,
				E78CDF222897B85500B0E5AA /* FullscreenVideoViewController.m in Sources */,
				E78CDF202897B85500B0E5AA /* NativeExpressAdController.m in Sources */,
				E78CDF172897B85500B0E5AA /* ViewController.m in Sources */,
				E78CDF182897B85500B0E5AA /* InterstitialViewController.m in Sources */,
				E78CDF232897B85500B0E5AA /* IDFAViewController.m in Sources */,
				E78CDEF32897AD6600B0E5AA /* main.m in Sources */,
				E78CDF1F2897B85500B0E5AA /* ADTableViewCell.m in Sources */,
				E75049DE2A4C288C000B5376 /* NativeAdViewController.m in Sources */,
				E78CDF1B2897B85500B0E5AA /* HalfLaunchScreenViewController.m in Sources */,
				E78CDF1A2897B85500B0E5AA /* BannerViewController.m in Sources */,
			);
			runOnlyForDeploymentPostprocessing = 0;
		};
/* End PBXSourcesBuildPhase section */

/* Begin PBXVariantGroup section */
		E78CDEE92897AD4F00B0E5AA /* Main.storyboard */ = {
			isa = PBXVariantGroup;
			children = (
				E78CDEEA2897AD4F00B0E5AA /* Base */,
			);
			name = Main.storyboard;
			sourceTree = "<group>";
		};
		E78CDEEE2897AD6600B0E5AA /* LaunchScreen.storyboard */ = {
			isa = PBXVariantGroup;
			children = (
				E78CDEEF2897AD6600B0E5AA /* Base */,
			);
			name = LaunchScreen.storyboard;
			sourceTree = "<group>";
		};
/* End PBXVariantGroup section */

/* Begin XCBuildConfiguration section */
		E78CDEF42897AD6600B0E5AA /* Debug */ = {
			isa = XCBuildConfiguration;
			buildSettings = {
				ALWAYS_SEARCH_USER_PATHS = NO;
				CLANG_ANALYZER_NONNULL = YES;
				CLANG_ANALYZER_NUMBER_OBJECT_CONVERSION = YES_AGGRESSIVE;
				CLANG_CXX_LANGUAGE_STANDARD = "gnu++17";
				CLANG_ENABLE_MODULES = YES;
				CLANG_ENABLE_OBJC_ARC = YES;
				CLANG_ENABLE_OBJC_WEAK = YES;
				CLANG_WARN_BLOCK_CAPTURE_AUTORELEASING = YES;
				CLANG_WARN_BOOL_CONVERSION = YES;
				CLANG_WARN_COMMA = YES;
				CLANG_WARN_CONSTANT_CONVERSION = YES;
				CLANG_WARN_DEPRECATED_OBJC_IMPLEMENTATIONS = YES;
				CLANG_WARN_DIRECT_OBJC_ISA_USAGE = YES_ERROR;
				CLANG_WARN_DOCUMENTATION_COMMENTS = YES;
				CLANG_WARN_EMPTY_BODY = YES;
				CLANG_WARN_ENUM_CONVERSION = YES;
				CLANG_WARN_INFINITE_RECURSION = YES;
				CLANG_WARN_INT_CONVERSION = YES;
				CLANG_WARN_NON_LITERAL_NULL_CONVERSION = YES;
				CLANG_WARN_OBJC_IMPLICIT_RETAIN_SELF = YES;
				CLANG_WARN_OBJC_LITERAL_CONVERSION = YES;
				CLANG_WARN_OBJC_ROOT_CLASS = YES_ERROR;
				CLANG_WARN_QUOTED_INCLUDE_IN_FRAMEWORK_HEADER = YES;
				CLANG_WARN_RANGE_LOOP_ANALYSIS = YES;
				CLANG_WARN_STRICT_PROTOTYPES = YES;
				CLANG_WARN_SUSPICIOUS_MOVE = YES;
				CLANG_WARN_UNGUARDED_AVAILABILITY = YES_AGGRESSIVE;
				CLANG_WARN_UNREACHABLE_CODE = YES;
				CLANG_WARN__DUPLICATE_METHOD_MATCH = YES;
				COPY_PHASE_STRIP = NO;
				DEBUG_INFORMATION_FORMAT = dwarf;
				ENABLE_STRICT_OBJC_MSGSEND = YES;
				ENABLE_TESTABILITY = YES;
				GCC_C_LANGUAGE_STANDARD = gnu11;
				GCC_DYNAMIC_NO_PIC = NO;
				GCC_NO_COMMON_BLOCKS = YES;
				GCC_OPTIMIZATION_LEVEL = 0;
				GCC_PREPROCESSOR_DEFINITIONS = (
					"DEBUG=1",
					"$(inherited)",
				);
				GCC_WARN_64_TO_32_BIT_CONVERSION = YES;
				GCC_WARN_ABOUT_RETURN_TYPE = YES_ERROR;
				GCC_WARN_UNDECLARED_SELECTOR = YES;
				GCC_WARN_UNINITIALIZED_AUTOS = YES_AGGRESSIVE;
				GCC_WARN_UNUSED_FUNCTION = YES;
				GCC_WARN_UNUSED_VARIABLE = YES;
				IPHONEOS_DEPLOYMENT_TARGET = 11.0;
				MTL_ENABLE_DEBUG_INFO = INCLUDE_SOURCE;
				MTL_FAST_MATH = YES;
				ONLY_ACTIVE_ARCH = YES;
				SDKROOT = iphoneos;
			};
			name = Debug;
		};
		E78CDEF52897AD6600B0E5AA /* Release */ = {
			isa = XCBuildConfiguration;
			buildSettings = {
				ALWAYS_SEARCH_USER_PATHS = NO;
				CLANG_ANALYZER_NONNULL = YES;
				CLANG_ANALYZER_NUMBER_OBJECT_CONVERSION = YES_AGGRESSIVE;
				CLANG_CXX_LANGUAGE_STANDARD = "gnu++17";
				CLANG_ENABLE_MODULES = YES;
				CLANG_ENABLE_OBJC_ARC = YES;
				CLANG_ENABLE_OBJC_WEAK = YES;
				CLANG_WARN_BLOCK_CAPTURE_AUTORELEASING = YES;
				CLANG_WARN_BOOL_CONVERSION = YES;
				CLANG_WARN_COMMA = YES;
				CLANG_WARN_CONSTANT_CONVERSION = YES;
				CLANG_WARN_DEPRECATED_OBJC_IMPLEMENTATIONS = YES;
				CLANG_WARN_DIRECT_OBJC_ISA_USAGE = YES_ERROR;
				CLANG_WARN_DOCUMENTATION_COMMENTS = YES;
				CLANG_WARN_EMPTY_BODY = YES;
				CLANG_WARN_ENUM_CONVERSION = YES;
				CLANG_WARN_INFINITE_RECURSION = YES;
				CLANG_WARN_INT_CONVERSION = YES;
				CLANG_WARN_NON_LITERAL_NULL_CONVERSION = YES;
				CLANG_WARN_OBJC_IMPLICIT_RETAIN_SELF = YES;
				CLANG_WARN_OBJC_LITERAL_CONVERSION = YES;
				CLANG_WARN_OBJC_ROOT_CLASS = YES_ERROR;
				CLANG_WARN_QUOTED_INCLUDE_IN_FRAMEWORK_HEADER = YES;
				CLANG_WARN_RANGE_LOOP_ANALYSIS = YES;
				CLANG_WARN_STRICT_PROTOTYPES = YES;
				CLANG_WARN_SUSPICIOUS_MOVE = YES;
				CLANG_WARN_UNGUARDED_AVAILABILITY = YES_AGGRESSIVE;
				CLANG_WARN_UNREACHABLE_CODE = YES;
				CLANG_WARN__DUPLICATE_METHOD_MATCH = YES;
				COPY_PHASE_STRIP = NO;
				DEBUG_INFORMATION_FORMAT = "dwarf-with-dsym";
				ENABLE_NS_ASSERTIONS = NO;
				ENABLE_STRICT_OBJC_MSGSEND = YES;
				GCC_C_LANGUAGE_STANDARD = gnu11;
				GCC_NO_COMMON_BLOCKS = YES;
				GCC_WARN_64_TO_32_BIT_CONVERSION = YES;
				GCC_WARN_ABOUT_RETURN_TYPE = YES_ERROR;
				GCC_WARN_UNDECLARED_SELECTOR = YES;
				GCC_WARN_UNINITIALIZED_AUTOS = YES_AGGRESSIVE;
				GCC_WARN_UNUSED_FUNCTION = YES;
				GCC_WARN_UNUSED_VARIABLE = YES;
				IPHONEOS_DEPLOYMENT_TARGET = 11.0;
				MTL_ENABLE_DEBUG_INFO = NO;
				MTL_FAST_MATH = YES;
				SDKROOT = iphoneos;
				VALIDATE_PRODUCT = YES;
			};
			name = Release;
		};
		E78CDEF72897AD6600B0E5AA /* Debug */ = {
			isa = XCBuildConfiguration;
			baseConfigurationReference = 96BFCA1678874300D1AB87D5 /* Pods-testPod.debug.xcconfig */;
			buildSettings = {
				ASSETCATALOG_COMPILER_APPICON_NAME = AppIcon;
				ASSETCATALOG_COMPILER_GLOBAL_ACCENT_COLOR_NAME = AccentColor;
				CLANG_ENABLE_MODULES = YES;
				CODE_SIGN_STYLE = Automatic;
				CURRENT_PROJECT_VERSION = 1;
				DEVELOPMENT_TEAM = NN56R38BZT;
				ENABLE_BITCODE = NO;
				FRAMEWORK_SEARCH_PATHS = (
					"$(inherited)",
					"$(PROJECT_DIR)/testPod",
				);
				GENERATE_INFOPLIST_FILE = YES;
				INFOPLIST_FILE = testPod/Info.plist;
				INFOPLIST_KEY_UIApplicationSupportsIndirectInputEvents = YES;
				INFOPLIST_KEY_UILaunchStoryboardName = LaunchScreen;
				INFOPLIST_KEY_UIMainStoryboardFile = Main;
				INFOPLIST_KEY_UISupportedInterfaceOrientations_iPad = "UIInterfaceOrientationPortrait UIInterfaceOrientationPortraitUpsideDown UIInterfaceOrientationLandscapeLeft UIInterfaceOrientationLandscapeRight";
				INFOPLIST_KEY_UISupportedInterfaceOrientations_iPhone = "UIInterfaceOrientationPortrait UIInterfaceOrientationLandscapeLeft UIInterfaceOrientationLandscapeRight";
				IPHONEOS_DEPLOYMENT_TARGET = 11.0;
				LD_RUNPATH_SEARCH_PATHS = (
					"$(inherited)",
					"@executable_path/Frameworks",
				);
				MARKETING_VERSION = 1.0;
				PRODUCT_BUNDLE_IDENTIFIER = com.medpro.ios;
				PRODUCT_NAME = "$(TARGET_NAME)";
				SWIFT_EMIT_LOC_STRINGS = YES;
				SWIFT_OBJC_BRIDGING_HEADER = "testPod/testPod-Bridging-Header.h";
				SWIFT_OPTIMIZATION_LEVEL = "-Onone";
				SWIFT_VERSION = 5.0;
				TARGETED_DEVICE_FAMILY = "1,2";
			};
			name = Debug;
		};
		E78CDEF82897AD6600B0E5AA /* Release */ = {
			isa = XCBuildConfiguration;
			baseConfigurationReference = 68B59CEC02BF41B13F97A7B4 /* Pods-testPod.release.xcconfig */;
			buildSettings = {
				ASSETCATALOG_COMPILER_APPICON_NAME = AppIcon;
				ASSETCATALOG_COMPILER_GLOBAL_ACCENT_COLOR_NAME = AccentColor;
				CLANG_ENABLE_MODULES = YES;
				CODE_SIGN_STYLE = Automatic;
				CURRENT_PROJECT_VERSION = 1;
				DEVELOPMENT_TEAM = NN56R38BZT;
				ENABLE_BITCODE = NO;
				FRAMEWORK_SEARCH_PATHS = (
					"$(inherited)",
					"$(PROJECT_DIR)/testPod",
				);
				GENERATE_INFOPLIST_FILE = YES;
				INFOPLIST_FILE = testPod/Info.plist;
				INFOPLIST_KEY_UIApplicationSupportsIndirectInputEvents = YES;
				INFOPLIST_KEY_UILaunchStoryboardName = LaunchScreen;
				INFOPLIST_KEY_UIMainStoryboardFile = Main;
				INFOPLIST_KEY_UISupportedInterfaceOrientations_iPad = "UIInterfaceOrientationPortrait UIInterfaceOrientationPortraitUpsideDown UIInterfaceOrientationLandscapeLeft UIInterfaceOrientationLandscapeRight";
				INFOPLIST_KEY_UISupportedInterfaceOrientations_iPhone = "UIInterfaceOrientationPortrait UIInterfaceOrientationLandscapeLeft UIInterfaceOrientationLandscapeRight";
				IPHONEOS_DEPLOYMENT_TARGET = 11.0;
				LD_RUNPATH_SEARCH_PATHS = (
					"$(inherited)",
					"@executable_path/Frameworks",
				);
				MARKETING_VERSION = 1.0;
				PRODUCT_BUNDLE_IDENTIFIER = com.medpro.ios;
				PRODUCT_NAME = "$(TARGET_NAME)";
				SWIFT_EMIT_LOC_STRINGS = YES;
				SWIFT_OBJC_BRIDGING_HEADER = "testPod/testPod-Bridging-Header.h";
				SWIFT_VERSION = 5.0;
				TARGETED_DEVICE_FAMILY = "1,2";
			};
			name = Release;
		};
/* End XCBuildConfiguration section */

/* Begin XCConfigurationList section */
		E78CDED82897AD4F00B0E5AA /* Build configuration list for PBXProject "testPod" */ = {
			isa = XCConfigurationList;
			buildConfigurations = (
				E78CDEF42897AD6600B0E5AA /* Debug */,
				E78CDEF52897AD6600B0E5AA /* Release */,
			);
			defaultConfigurationIsVisible = 0;
			defaultConfigurationName = Release;
		};
		E78CDEF62897AD6600B0E5AA /* Build configuration list for PBXNativeTarget "testPod" */ = {
			isa = XCConfigurationList;
			buildConfigurations = (
				E78CDEF72897AD6600B0E5AA /* Debug */,
				E78CDEF82897AD6600B0E5AA /* Release */,
			);
			defaultConfigurationIsVisible = 0;
			defaultConfigurationName = Release;
		};
/* End XCConfigurationList section */
	};
	rootObject = E78CDED52897AD4F00B0E5AA /* Project object */;
}
