// !$*UTF8*$!
{
	archiveVersion = 1;
	classes = {
	};
	objectVersion = 55;
	objects = {

/* Begin PBXBuildFile section */
		E7109CE0276AE46600F4246F /* FullscreenVideoViewController.m in Sources */ = {isa = PBXBuildFile; fileRef = E7109CDF276AE46600F4246F /* FullscreenVideoViewController.m */; };
		E764056D277C1209002BD834 /* PasterVideoViewController.m in Sources */ = {isa = PBXBuildFile; fileRef = E764056C277C1208002BD834 /* PasterVideoViewController.m */; };
		E775CD45273A92EC00C23527 /* LaunchScreen.storyboard in Resources */ = {isa = PBXBuildFile; fileRef = E775CD44273A92EC00C23527 /* LaunchScreen.storyboard */; };
		E7956E92273A8F3700502058 /* IDFAViewController.m in Sources */ = {isa = PBXBuildFile; fileRef = E7956E91273A8F3700502058 /* IDFAViewController.m */; };
		E7C1E6B727635DE900142567 /* MessageUI.framework in Frameworks */ = {isa = PBXBuildFile; fileRef = E7C1E6B627635DE800142567 /* MessageUI.framework */; };
		E7D23AA9273A8AF2006DDF4A /* ViewController.m in Sources */ = {isa = PBXBuildFile; fileRef = E7D23AA8273A8AF2006DDF4A /* ViewController.m */; };
		E7D23AAE273A8AFD006DDF4A /* Assets.xcassets in Resources */ = {isa = PBXBuildFile; fileRef = E7D23AAD273A8AFD006DDF4A /* Assets.xcassets */; };
		E7D23AB4273A8AFD006DDF4A /* main.m in Sources */ = {isa = PBXBuildFile; fileRef = E7D23AB3273A8AFD006DDF4A /* main.m */; };
		E7D23B00273A8BA0006DDF4A /* InterstitialViewController.m in Sources */ = {isa = PBXBuildFile; fileRef = E7D23ABA273A8B9F006DDF4A /* InterstitialViewController.m */; };
		E7D23B01273A8BA0006DDF4A /* ADTableViewCell.m in Sources */ = {isa = PBXBuildFile; fileRef = E7D23ABD273A8B9F006DDF4A /* ADTableViewCell.m */; };
		E7D23B02273A8BA0006DDF4A /* HalfLaunchScreenViewController.m in Sources */ = {isa = PBXBuildFile; fileRef = E7D23ABF273A8B9F006DDF4A /* HalfLaunchScreenViewController.m */; };
		E7D23B03273A8BA0006DDF4A /* FeedAdViewController.m in Sources */ = {isa = PBXBuildFile; fileRef = E7D23AC1273A8B9F006DDF4A /* FeedAdViewController.m */; };
		E7D23B04273A8BA0006DDF4A /* AppDelegate.m in Sources */ = {isa = PBXBuildFile; fileRef = E7D23AC5273A8B9F006DDF4A /* AppDelegate.m */; };
		E7D23B0D273A8BA8006DDF4A /* ADTableViewCell.xib in Resources */ = {isa = PBXBuildFile; fileRef = E7D23AF9273A8BA0006DDF4A /* ADTableViewCell.xib */; };
		E7D23B0E273A8BA8006DDF4A /* BannerViewController.m in Sources */ = {isa = PBXBuildFile; fileRef = E7D23AFA273A8BA0006DDF4A /* BannerViewController.m */; };
		E7D23B0F273A8BA8006DDF4A /* LaunchScreenViewController.m in Sources */ = {isa = PBXBuildFile; fileRef = E7D23AFD273A8BA0006DDF4A /* LaunchScreenViewController.m */; };
		E7D23B10273A8BA8006DDF4A /* NativeExpressAdController.m in Sources */ = {isa = PBXBuildFile; fileRef = E7D23AFE273A8BA0006DDF4A /* NativeExpressAdController.m */; };
		E7D23B11273A8BA8006DDF4A /* MotivationVideoViewController.m in Sources */ = {isa = PBXBuildFile; fileRef = E7D23AFF273A8BA0006DDF4A /* MotivationVideoViewController.m */; };
		E7D23B17273A8C61006DDF4A /* libresolv.9.tbd in Frameworks */ = {isa = PBXBuildFile; fileRef = E7D23B16273A8C61006DDF4A /* libresolv.9.tbd */; };
		E7D23B19273A8C68006DDF4A /* libc++.tbd in Frameworks */ = {isa = PBXBuildFile; fileRef = E7D23B18273A8C68006DDF4A /* libc++.tbd */; };
		E7D23B1B273A8C6F006DDF4A /* libc++abi.tbd in Frameworks */ = {isa = PBXBuildFile; fileRef = E7D23B1A273A8C6F006DDF4A /* libc++abi.tbd */; };
		E7D23B1D273A8C77006DDF4A /* libz.tbd in Frameworks */ = {isa = PBXBuildFile; fileRef = E7D23B1C273A8C77006DDF4A /* libz.tbd */; };
		E7D23B1F273A8C82006DDF4A /* libbz2.tbd in Frameworks */ = {isa = PBXBuildFile; fileRef = E7D23B1E273A8C81006DDF4A /* libbz2.tbd */; };
		E7D23B21273A8C87006DDF4A /* libxml2.tbd in Frameworks */ = {isa = PBXBuildFile; fileRef = E7D23B20273A8C87006DDF4A /* libxml2.tbd */; };
		E7D23B23273A8C8F006DDF4A /* libiconv.tbd in Frameworks */ = {isa = PBXBuildFile; fileRef = E7D23B22273A8C8F006DDF4A /* libiconv.tbd */; };
		E7D23B25273A8C96006DDF4A /* libsqlite3.tbd in Frameworks */ = {isa = PBXBuildFile; fileRef = E7D23B24273A8C96006DDF4A /* libsqlite3.tbd */; };
		E7D23B29273A8CA2006DDF4A /* MobileCoreServices.framework in Frameworks */ = {isa = PBXBuildFile; fileRef = E7D23B28273A8CA2006DDF4A /* MobileCoreServices.framework */; };
		E7D23B2B273A8CA8006DDF4A /* WebKit.framework in Frameworks */ = {isa = PBXBuildFile; fileRef = E7D23B2A273A8CA8006DDF4A /* WebKit.framework */; };
		E7D23B2D273A8CAF006DDF4A /* MediaPlayer.framework in Frameworks */ = {isa = PBXBuildFile; fileRef = E7D23B2C273A8CAF006DDF4A /* MediaPlayer.framework */; };
		E7D23B2F273A8CB9006DDF4A /* CoreMedia.framework in Frameworks */ = {isa = PBXBuildFile; fileRef = E7D23B2E273A8CB9006DDF4A /* CoreMedia.framework */; };
		E7D23B31273A8CC1006DDF4A /* AVFoundation.framework in Frameworks */ = {isa = PBXBuildFile; fileRef = E7D23B30273A8CC1006DDF4A /* AVFoundation.framework */; };
		E7D23B33273A8CCA006DDF4A /* CoreLocation.framework in Frameworks */ = {isa = PBXBuildFile; fileRef = E7D23B32273A8CCA006DDF4A /* CoreLocation.framework */; };
		E7D23B35273A8CD5006DDF4A /* CoreTelephony.framework in Frameworks */ = {isa = PBXBuildFile; fileRef = E7D23B34273A8CD5006DDF4A /* CoreTelephony.framework */; };
		E7D23B37273A8CDD006DDF4A /* SystemConfiguration.framework in Frameworks */ = {isa = PBXBuildFile; fileRef = E7D23B36273A8CDD006DDF4A /* SystemConfiguration.framework */; };
		E7D23B39273A8CE4006DDF4A /* AdSupport.framework in Frameworks */ = {isa = PBXBuildFile; fileRef = E7D23B38273A8CE4006DDF4A /* AdSupport.framework */; };
		E7D23B3B273A8CEB006DDF4A /* CoreMotion.framework in Frameworks */ = {isa = PBXBuildFile; fileRef = E7D23B3A273A8CEB006DDF4A /* CoreMotion.framework */; };
		E7D23B3D273A8CF9006DDF4A /* Security.framework in Frameworks */ = {isa = PBXBuildFile; fileRef = E7D23B3C273A8CF9006DDF4A /* Security.framework */; };
		E7D23B3F273A8D01006DDF4A /* QuartzCore.framework in Frameworks */ = {isa = PBXBuildFile; fileRef = E7D23B3E273A8D01006DDF4A /* QuartzCore.framework */; };
		E7D23B41273A8D08006DDF4A /* CoreGraphics.framework in Frameworks */ = {isa = PBXBuildFile; fileRef = E7D23B40273A8D08006DDF4A /* CoreGraphics.framework */; };
		E7D23B43273A8D0E006DDF4A /* SafariServices.framework in Frameworks */ = {isa = PBXBuildFile; fileRef = E7D23B42273A8D0E006DDF4A /* SafariServices.framework */; };
		E7D23B45273A8D16006DDF4A /* JavaScriptCore.framework in Frameworks */ = {isa = PBXBuildFile; fileRef = E7D23B44273A8D16006DDF4A /* JavaScriptCore.framework */; };
		E7D23B47273A8D1C006DDF4A /* MapKit.framework in Frameworks */ = {isa = PBXBuildFile; fileRef = E7D23B46273A8D1C006DDF4A /* MapKit.framework */; };
		E7D23B49273A8D23006DDF4A /* AssetsLibrary.framework in Frameworks */ = {isa = PBXBuildFile; fileRef = E7D23B48273A8D23006DDF4A /* AssetsLibrary.framework */; };
		E7D23B4B273A8D2E006DDF4A /* AppTrackingTransparency.framework in Frameworks */ = {isa = PBXBuildFile; fileRef = E7D23B4A273A8D2E006DDF4A /* AppTrackingTransparency.framework */; };
		E7D23B4D273A8D33006DDF4A /* Foundation.framework in Frameworks */ = {isa = PBXBuildFile; fileRef = E7D23B4C273A8D33006DDF4A /* Foundation.framework */; };
		E7D23B4F273A8D38006DDF4A /* UIKit.framework in Frameworks */ = {isa = PBXBuildFile; fileRef = E7D23B4E273A8D38006DDF4A /* UIKit.framework */; };
		E7DE535127BD13420065C68F /* SFImageView.m in Sources */ = {isa = PBXBuildFile; fileRef = E7DE535027BD13420065C68F /* SFImageView.m */; };
/* End PBXBuildFile section */

/* Begin PBXCopyFilesBuildPhase section */
		E7D23B14273A8C17006DDF4A /* Embed Frameworks */ = {
			isa = PBXCopyFilesBuildPhase;
			buildActionMask = 2147483647;
			dstPath = "";
			dstSubfolderSpec = 10;
			files = (
			);
			name = "Embed Frameworks";
			runOnlyForDeploymentPostprocessing = 0;
		};
/* End PBXCopyFilesBuildPhase section */

/* Begin PBXFileReference section */
		E7109CDE276AE46600F4246F /* FullscreenVideoViewController.h */ = {isa = PBXFileReference; fileEncoding = 4; lastKnownFileType = sourcecode.c.h; path = FullscreenVideoViewController.h; sourceTree = "<group>"; };
		E7109CDF276AE46600F4246F /* FullscreenVideoViewController.m */ = {isa = PBXFileReference; fileEncoding = 4; lastKnownFileType = sourcecode.c.objc; path = FullscreenVideoViewController.m; sourceTree = "<group>"; };
		E764056B277C1208002BD834 /* PasterVideoViewController.h */ = {isa = PBXFileReference; fileEncoding = 4; lastKnownFileType = sourcecode.c.h; path = PasterVideoViewController.h; sourceTree = "<group>"; };
		E764056C277C1208002BD834 /* PasterVideoViewController.m */ = {isa = PBXFileReference; fileEncoding = 4; lastKnownFileType = sourcecode.c.objc; path = PasterVideoViewController.m; sourceTree = "<group>"; };
		E775CD44273A92EC00C23527 /* LaunchScreen.storyboard */ = {isa = PBXFileReference; lastKnownFileType = file.storyboard; path = LaunchScreen.storyboard; sourceTree = "<group>"; };
		E7956E90273A8F3700502058 /* IDFAViewController.h */ = {isa = PBXFileReference; lastKnownFileType = sourcecode.c.h; path = IDFAViewController.h; sourceTree = "<group>"; };
		E7956E91273A8F3700502058 /* IDFAViewController.m */ = {isa = PBXFileReference; lastKnownFileType = sourcecode.c.objc; path = IDFAViewController.m; sourceTree = "<group>"; };
		E7C1E6B627635DE800142567 /* MessageUI.framework */ = {isa = PBXFileReference; lastKnownFileType = wrapper.framework; name = MessageUI.framework; path = System/Library/Frameworks/MessageUI.framework; sourceTree = SDKROOT; };
		E7D23A9E273A8AF2006DDF4A /* ADDemo.app */ = {isa = PBXFileReference; explicitFileType = wrapper.application; includeInIndex = 0; path = ADDemo.app; sourceTree = BUILT_PRODUCTS_DIR; };
		E7D23AA7273A8AF2006DDF4A /* ViewController.h */ = {isa = PBXFileReference; lastKnownFileType = sourcecode.c.h; path = ViewController.h; sourceTree = "<group>"; };
		E7D23AA8273A8AF2006DDF4A /* ViewController.m */ = {isa = PBXFileReference; lastKnownFileType = sourcecode.c.objc; path = ViewController.m; sourceTree = "<group>"; };
		E7D23AAD273A8AFD006DDF4A /* Assets.xcassets */ = {isa = PBXFileReference; lastKnownFileType = folder.assetcatalog; path = Assets.xcassets; sourceTree = "<group>"; };
		E7D23AB2273A8AFD006DDF4A /* Info.plist */ = {isa = PBXFileReference; lastKnownFileType = text.plist.xml; path = Info.plist; sourceTree = "<group>"; };
		E7D23AB3273A8AFD006DDF4A /* main.m */ = {isa = PBXFileReference; lastKnownFileType = sourcecode.c.objc; path = main.m; sourceTree = "<group>"; };
		E7D23ABA273A8B9F006DDF4A /* InterstitialViewController.m */ = {isa = PBXFileReference; fileEncoding = 4; lastKnownFileType = sourcecode.c.objc; path = InterstitialViewController.m; sourceTree = "<group>"; };
		E7D23ABB273A8B9F006DDF4A /* MotivationVideoViewController.h */ = {isa = PBXFileReference; fileEncoding = 4; lastKnownFileType = sourcecode.c.h; path = MotivationVideoViewController.h; sourceTree = "<group>"; };
		E7D23ABC273A8B9F006DDF4A /* NativeExpressAdController.h */ = {isa = PBXFileReference; fileEncoding = 4; lastKnownFileType = sourcecode.c.h; path = NativeExpressAdController.h; sourceTree = "<group>"; };
		E7D23ABD273A8B9F006DDF4A /* ADTableViewCell.m */ = {isa = PBXFileReference; fileEncoding = 4; lastKnownFileType = sourcecode.c.objc; path = ADTableViewCell.m; sourceTree = "<group>"; };
		E7D23ABE273A8B9F006DDF4A /* ADTableViewCell.h */ = {isa = PBXFileReference; fileEncoding = 4; lastKnownFileType = sourcecode.c.h; path = ADTableViewCell.h; sourceTree = "<group>"; };
		E7D23ABF273A8B9F006DDF4A /* HalfLaunchScreenViewController.m */ = {isa = PBXFileReference; fileEncoding = 4; lastKnownFileType = sourcecode.c.objc; path = HalfLaunchScreenViewController.m; sourceTree = "<group>"; };
		E7D23AC0273A8B9F006DDF4A /* AppDelegate.h */ = {isa = PBXFileReference; fileEncoding = 4; lastKnownFileType = sourcecode.c.h; path = AppDelegate.h; sourceTree = "<group>"; };
		E7D23AC1273A8B9F006DDF4A /* FeedAdViewController.m */ = {isa = PBXFileReference; fileEncoding = 4; lastKnownFileType = sourcecode.c.objc; path = FeedAdViewController.m; sourceTree = "<group>"; };
		E7D23AC2273A8B9F006DDF4A /* HalfLaunchScreenViewController.h */ = {isa = PBXFileReference; fileEncoding = 4; lastKnownFileType = sourcecode.c.h; path = HalfLaunchScreenViewController.h; sourceTree = "<group>"; };
		E7D23AC3273A8B9F006DDF4A /* BannerViewController.h */ = {isa = PBXFileReference; fileEncoding = 4; lastKnownFileType = sourcecode.c.h; path = BannerViewController.h; sourceTree = "<group>"; };
		E7D23AC4273A8B9F006DDF4A /* LaunchScreenViewController.h */ = {isa = PBXFileReference; fileEncoding = 4; lastKnownFileType = sourcecode.c.h; path = LaunchScreenViewController.h; sourceTree = "<group>"; };
		E7D23AC5273A8B9F006DDF4A /* AppDelegate.m */ = {isa = PBXFileReference; fileEncoding = 4; lastKnownFileType = sourcecode.c.objc; path = AppDelegate.m; sourceTree = "<group>"; };
		E7D23AF9273A8BA0006DDF4A /* ADTableViewCell.xib */ = {isa = PBXFileReference; fileEncoding = 4; lastKnownFileType = file.xib; path = ADTableViewCell.xib; sourceTree = "<group>"; };
		E7D23AFA273A8BA0006DDF4A /* BannerViewController.m */ = {isa = PBXFileReference; fileEncoding = 4; lastKnownFileType = sourcecode.c.objc; path = BannerViewController.m; sourceTree = "<group>"; };
		E7D23AFB273A8BA0006DDF4A /* InterstitialViewController.h */ = {isa = PBXFileReference; fileEncoding = 4; lastKnownFileType = sourcecode.c.h; path = InterstitialViewController.h; sourceTree = "<group>"; };
		E7D23AFC273A8BA0006DDF4A /* FeedAdViewController.h */ = {isa = PBXFileReference; fileEncoding = 4; lastKnownFileType = sourcecode.c.h; path = FeedAdViewController.h; sourceTree = "<group>"; };
		E7D23AFD273A8BA0006DDF4A /* LaunchScreenViewController.m */ = {isa = PBXFileReference; fileEncoding = 4; lastKnownFileType = sourcecode.c.objc; path = LaunchScreenViewController.m; sourceTree = "<group>"; };
		E7D23AFE273A8BA0006DDF4A /* NativeExpressAdController.m */ = {isa = PBXFileReference; fileEncoding = 4; lastKnownFileType = sourcecode.c.objc; path = NativeExpressAdController.m; sourceTree = "<group>"; };
		E7D23AFF273A8BA0006DDF4A /* MotivationVideoViewController.m */ = {isa = PBXFileReference; fileEncoding = 4; lastKnownFileType = sourcecode.c.objc; path = MotivationVideoViewController.m; sourceTree = "<group>"; };
		E7D23B16273A8C61006DDF4A /* libresolv.9.tbd */ = {isa = PBXFileReference; lastKnownFileType = "sourcecode.text-based-dylib-definition"; name = libresolv.9.tbd; path = usr/lib/libresolv.9.tbd; sourceTree = SDKROOT; };
		E7D23B18273A8C68006DDF4A /* libc++.tbd */ = {isa = PBXFileReference; lastKnownFileType = "sourcecode.text-based-dylib-definition"; name = "libc++.tbd"; path = "usr/lib/libc++.tbd"; sourceTree = SDKROOT; };
		E7D23B1A273A8C6F006DDF4A /* libc++abi.tbd */ = {isa = PBXFileReference; lastKnownFileType = "sourcecode.text-based-dylib-definition"; name = "libc++abi.tbd"; path = "usr/lib/libc++abi.tbd"; sourceTree = SDKROOT; };
		E7D23B1C273A8C77006DDF4A /* libz.tbd */ = {isa = PBXFileReference; lastKnownFileType = "sourcecode.text-based-dylib-definition"; name = libz.tbd; path = usr/lib/libz.tbd; sourceTree = SDKROOT; };
		E7D23B1E273A8C81006DDF4A /* libbz2.tbd */ = {isa = PBXFileReference; lastKnownFileType = "sourcecode.text-based-dylib-definition"; name = libbz2.tbd; path = usr/lib/libbz2.tbd; sourceTree = SDKROOT; };
		E7D23B20273A8C87006DDF4A /* libxml2.tbd */ = {isa = PBXFileReference; lastKnownFileType = "sourcecode.text-based-dylib-definition"; name = libxml2.tbd; path = usr/lib/libxml2.tbd; sourceTree = SDKROOT; };
		E7D23B22273A8C8F006DDF4A /* libiconv.tbd */ = {isa = PBXFileReference; lastKnownFileType = "sourcecode.text-based-dylib-definition"; name = libiconv.tbd; path = usr/lib/libiconv.tbd; sourceTree = SDKROOT; };
		E7D23B24273A8C96006DDF4A /* libsqlite3.tbd */ = {isa = PBXFileReference; lastKnownFileType = "sourcecode.text-based-dylib-definition"; name = libsqlite3.tbd; path = usr/lib/libsqlite3.tbd; sourceTree = SDKROOT; };
		E7D23B28273A8CA2006DDF4A /* MobileCoreServices.framework */ = {isa = PBXFileReference; lastKnownFileType = wrapper.framework; name = MobileCoreServices.framework; path = System/Library/Frameworks/MobileCoreServices.framework; sourceTree = SDKROOT; };
		E7D23B2A273A8CA8006DDF4A /* WebKit.framework */ = {isa = PBXFileReference; lastKnownFileType = wrapper.framework; name = WebKit.framework; path = System/Library/Frameworks/WebKit.framework; sourceTree = SDKROOT; };
		E7D23B2C273A8CAF006DDF4A /* MediaPlayer.framework */ = {isa = PBXFileReference; lastKnownFileType = wrapper.framework; name = MediaPlayer.framework; path = System/Library/Frameworks/MediaPlayer.framework; sourceTree = SDKROOT; };
		E7D23B2E273A8CB9006DDF4A /* CoreMedia.framework */ = {isa = PBXFileReference; lastKnownFileType = wrapper.framework; name = CoreMedia.framework; path = System/Library/Frameworks/CoreMedia.framework; sourceTree = SDKROOT; };
		E7D23B30273A8CC1006DDF4A /* AVFoundation.framework */ = {isa = PBXFileReference; lastKnownFileType = wrapper.framework; name = AVFoundation.framework; path = System/Library/Frameworks/AVFoundation.framework; sourceTree = SDKROOT; };
		E7D23B32273A8CCA006DDF4A /* CoreLocation.framework */ = {isa = PBXFileReference; lastKnownFileType = wrapper.framework; name = CoreLocation.framework; path = System/Library/Frameworks/CoreLocation.framework; sourceTree = SDKROOT; };
		E7D23B34273A8CD5006DDF4A /* CoreTelephony.framework */ = {isa = PBXFileReference; lastKnownFileType = wrapper.framework; name = CoreTelephony.framework; path = System/Library/Frameworks/CoreTelephony.framework; sourceTree = SDKROOT; };
		E7D23B36273A8CDD006DDF4A /* SystemConfiguration.framework */ = {isa = PBXFileReference; lastKnownFileType = wrapper.framework; name = SystemConfiguration.framework; path = System/Library/Frameworks/SystemConfiguration.framework; sourceTree = SDKROOT; };
		E7D23B38273A8CE4006DDF4A /* AdSupport.framework */ = {isa = PBXFileReference; lastKnownFileType = wrapper.framework; name = AdSupport.framework; path = System/Library/Frameworks/AdSupport.framework; sourceTree = SDKROOT; };
		E7D23B3A273A8CEB006DDF4A /* CoreMotion.framework */ = {isa = PBXFileReference; lastKnownFileType = wrapper.framework; name = CoreMotion.framework; path = System/Library/Frameworks/CoreMotion.framework; sourceTree = SDKROOT; };
		E7D23B3C273A8CF9006DDF4A /* Security.framework */ = {isa = PBXFileReference; lastKnownFileType = wrapper.framework; name = Security.framework; path = System/Library/Frameworks/Security.framework; sourceTree = SDKROOT; };
		E7D23B3E273A8D01006DDF4A /* QuartzCore.framework */ = {isa = PBXFileReference; lastKnownFileType = wrapper.framework; name = QuartzCore.framework; path = System/Library/Frameworks/QuartzCore.framework; sourceTree = SDKROOT; };
		E7D23B40273A8D08006DDF4A /* CoreGraphics.framework */ = {isa = PBXFileReference; lastKnownFileType = wrapper.framework; name = CoreGraphics.framework; path = System/Library/Frameworks/CoreGraphics.framework; sourceTree = SDKROOT; };
		E7D23B42273A8D0E006DDF4A /* SafariServices.framework */ = {isa = PBXFileReference; lastKnownFileType = wrapper.framework; name = SafariServices.framework; path = System/Library/Frameworks/SafariServices.framework; sourceTree = SDKROOT; };
		E7D23B44273A8D16006DDF4A /* JavaScriptCore.framework */ = {isa = PBXFileReference; lastKnownFileType = wrapper.framework; name = JavaScriptCore.framework; path = System/Library/Frameworks/JavaScriptCore.framework; sourceTree = SDKROOT; };
		E7D23B46273A8D1C006DDF4A /* MapKit.framework */ = {isa = PBXFileReference; lastKnownFileType = wrapper.framework; name = MapKit.framework; path = System/Library/Frameworks/MapKit.framework; sourceTree = SDKROOT; };
		E7D23B48273A8D23006DDF4A /* AssetsLibrary.framework */ = {isa = PBXFileReference; lastKnownFileType = wrapper.framework; name = AssetsLibrary.framework; path = System/Library/Frameworks/AssetsLibrary.framework; sourceTree = SDKROOT; };
		E7D23B4A273A8D2E006DDF4A /* AppTrackingTransparency.framework */ = {isa = PBXFileReference; lastKnownFileType = wrapper.framework; name = AppTrackingTransparency.framework; path = System/Library/Frameworks/AppTrackingTransparency.framework; sourceTree = SDKROOT; };
		E7D23B4C273A8D33006DDF4A /* Foundation.framework */ = {isa = PBXFileReference; lastKnownFileType = wrapper.framework; name = Foundation.framework; path = System/Library/Frameworks/Foundation.framework; sourceTree = SDKROOT; };
		E7D23B4E273A8D38006DDF4A /* UIKit.framework */ = {isa = PBXFileReference; lastKnownFileType = wrapper.framework; name = UIKit.framework; path = System/Library/Frameworks/UIKit.framework; sourceTree = SDKROOT; };
		E7DE534F27BD13420065C68F /* SFImageView.h */ = {isa = PBXFileReference; lastKnownFileType = sourcecode.c.h; path = SFImageView.h; sourceTree = "<group>"; };
		E7DE535027BD13420065C68F /* SFImageView.m */ = {isa = PBXFileReference; lastKnownFileType = sourcecode.c.objc; path = SFImageView.m; sourceTree = "<group>"; };
		E7FD64DA2760C444008C2716 /* ADInfo.h */ = {isa = PBXFileReference; lastKnownFileType = sourcecode.c.h; path = ADInfo.h; sourceTree = "<group>"; };
/* End PBXFileReference section */

/* Begin PBXFrameworksBuildPhase section */
		E7D23A9B273A8AF2006DDF4A /* Frameworks */ = {
			isa = PBXFrameworksBuildPhase;
			buildActionMask = 2147483647;
			files = (
				E7C1E6B727635DE900142567 /* MessageUI.framework in Frameworks */,
				E7D23B4F273A8D38006DDF4A /* UIKit.framework in Frameworks */,
				E7D23B4D273A8D33006DDF4A /* Foundation.framework in Frameworks */,
				E7D23B4B273A8D2E006DDF4A /* AppTrackingTransparency.framework in Frameworks */,
				E7D23B49273A8D23006DDF4A /* AssetsLibrary.framework in Frameworks */,
				E7D23B47273A8D1C006DDF4A /* MapKit.framework in Frameworks */,
				E7D23B45273A8D16006DDF4A /* JavaScriptCore.framework in Frameworks */,
				E7D23B43273A8D0E006DDF4A /* SafariServices.framework in Frameworks */,
				E7D23B41273A8D08006DDF4A /* CoreGraphics.framework in Frameworks */,
				E7D23B3F273A8D01006DDF4A /* QuartzCore.framework in Frameworks */,
				E7D23B3D273A8CF9006DDF4A /* Security.framework in Frameworks */,
				E7D23B3B273A8CEB006DDF4A /* CoreMotion.framework in Frameworks */,
				E7D23B39273A8CE4006DDF4A /* AdSupport.framework in Frameworks */,
				E7D23B37273A8CDD006DDF4A /* SystemConfiguration.framework in Frameworks */,
				E7D23B35273A8CD5006DDF4A /* CoreTelephony.framework in Frameworks */,
				E7D23B33273A8CCA006DDF4A /* CoreLocation.framework in Frameworks */,
				E7D23B31273A8CC1006DDF4A /* AVFoundation.framework in Frameworks */,
				E7D23B2F273A8CB9006DDF4A /* CoreMedia.framework in Frameworks */,
				E7D23B2D273A8CAF006DDF4A /* MediaPlayer.framework in Frameworks */,
				E7D23B2B273A8CA8006DDF4A /* WebKit.framework in Frameworks */,
				E7D23B29273A8CA2006DDF4A /* MobileCoreServices.framework in Frameworks */,
				E7D23B25273A8C96006DDF4A /* libsqlite3.tbd in Frameworks */,
				E7D23B23273A8C8F006DDF4A /* libiconv.tbd in Frameworks */,
				E7D23B21273A8C87006DDF4A /* libxml2.tbd in Frameworks */,
				E7D23B1F273A8C82006DDF4A /* libbz2.tbd in Frameworks */,
				E7D23B1D273A8C77006DDF4A /* libz.tbd in Frameworks */,
				E7D23B1B273A8C6F006DDF4A /* libc++abi.tbd in Frameworks */,
				E7D23B19273A8C68006DDF4A /* libc++.tbd in Frameworks */,
				E7D23B17273A8C61006DDF4A /* libresolv.9.tbd in Frameworks */,
			);
			runOnlyForDeploymentPostprocessing = 0;
		};
/* End PBXFrameworksBuildPhase section */

/* Begin PBXGroup section */
		E7D23A95273A8AF1006DDF4A = {
			isa = PBXGroup;
			children = (
				E7D23AA0273A8AF2006DDF4A /* ADDemo */,
				E7D23A9F273A8AF2006DDF4A /* Products */,
				E7D23B15273A8C60006DDF4A /* Frameworks */,
			);
			sourceTree = "<group>";
		};
		E7D23A9F273A8AF2006DDF4A /* Products */ = {
			isa = PBXGroup;
			children = (
				E7D23A9E273A8AF2006DDF4A /* ADDemo.app */,
			);
			name = Products;
			sourceTree = "<group>";
		};
		E7D23AA0273A8AF2006DDF4A /* ADDemo */ = {
			isa = PBXGroup;
			children = (
				E7D23AC0273A8B9F006DDF4A /* AppDelegate.h */,
				E7D23AC5273A8B9F006DDF4A /* AppDelegate.m */,
				E7D23AA7273A8AF2006DDF4A /* ViewController.h */,
				E7D23AA8273A8AF2006DDF4A /* ViewController.m */,
				E7D23AC2273A8B9F006DDF4A /* HalfLaunchScreenViewController.h */,
				E7D23ABF273A8B9F006DDF4A /* HalfLaunchScreenViewController.m */,
				E7D23AC4273A8B9F006DDF4A /* LaunchScreenViewController.h */,
				E7D23AFD273A8BA0006DDF4A /* LaunchScreenViewController.m */,
				E7D23AC3273A8B9F006DDF4A /* BannerViewController.h */,
				E7D23AFA273A8BA0006DDF4A /* BannerViewController.m */,
				E7D23AFB273A8BA0006DDF4A /* InterstitialViewController.h */,
				E7D23ABA273A8B9F006DDF4A /* InterstitialViewController.m */,
				E7D23ABB273A8B9F006DDF4A /* MotivationVideoViewController.h */,
				E7D23AFF273A8BA0006DDF4A /* MotivationVideoViewController.m */,
				E7109CDE276AE46600F4246F /* FullscreenVideoViewController.h */,
				E7109CDF276AE46600F4246F /* FullscreenVideoViewController.m */,
				E764056B277C1208002BD834 /* PasterVideoViewController.h */,
				E764056C277C1208002BD834 /* PasterVideoViewController.m */,
				E7DE534F27BD13420065C68F /* SFImageView.h */,
				E7DE535027BD13420065C68F /* SFImageView.m */,
				E7D23ABE273A8B9F006DDF4A /* ADTableViewCell.h */,
				E7D23ABD273A8B9F006DDF4A /* ADTableViewCell.m */,
				E7D23AF9273A8BA0006DDF4A /* ADTableViewCell.xib */,
				E7D23AFC273A8BA0006DDF4A /* FeedAdViewController.h */,
				E7D23AC1273A8B9F006DDF4A /* FeedAdViewController.m */,
				E7D23ABC273A8B9F006DDF4A /* NativeExpressAdController.h */,
				E7D23AFE273A8BA0006DDF4A /* NativeExpressAdController.m */,
				E7956E90273A8F3700502058 /* IDFAViewController.h */,
				E7956E91273A8F3700502058 /* IDFAViewController.m */,
				E7FD64DA2760C444008C2716 /* ADInfo.h */,
				E7D23AAD273A8AFD006DDF4A /* Assets.xcassets */,
				E775CD44273A92EC00C23527 /* LaunchScreen.storyboard */,
				E7D23AB2273A8AFD006DDF4A /* Info.plist */,
				E7D23AB3273A8AFD006DDF4A /* main.m */,
			);
			path = ADDemo;
			sourceTree = "<group>";
		};
		E7D23B15273A8C60006DDF4A /* Frameworks */ = {
			isa = PBXGroup;
			children = (
				E7C1E6B627635DE800142567 /* MessageUI.framework */,
				E7D23B4E273A8D38006DDF4A /* UIKit.framework */,
				E7D23B4C273A8D33006DDF4A /* Foundation.framework */,
				E7D23B4A273A8D2E006DDF4A /* AppTrackingTransparency.framework */,
				E7D23B48273A8D23006DDF4A /* AssetsLibrary.framework */,
				E7D23B46273A8D1C006DDF4A /* MapKit.framework */,
				E7D23B44273A8D16006DDF4A /* JavaScriptCore.framework */,
				E7D23B42273A8D0E006DDF4A /* SafariServices.framework */,
				E7D23B40273A8D08006DDF4A /* CoreGraphics.framework */,
				E7D23B3E273A8D01006DDF4A /* QuartzCore.framework */,
				E7D23B3C273A8CF9006DDF4A /* Security.framework */,
				E7D23B3A273A8CEB006DDF4A /* CoreMotion.framework */,
				E7D23B38273A8CE4006DDF4A /* AdSupport.framework */,
				E7D23B36273A8CDD006DDF4A /* SystemConfiguration.framework */,
				E7D23B34273A8CD5006DDF4A /* CoreTelephony.framework */,
				E7D23B32273A8CCA006DDF4A /* CoreLocation.framework */,
				E7D23B30273A8CC1006DDF4A /* AVFoundation.framework */,
				E7D23B2E273A8CB9006DDF4A /* CoreMedia.framework */,
				E7D23B2C273A8CAF006DDF4A /* MediaPlayer.framework */,
				E7D23B2A273A8CA8006DDF4A /* WebKit.framework */,
				E7D23B28273A8CA2006DDF4A /* MobileCoreServices.framework */,
				E7D23B24273A8C96006DDF4A /* libsqlite3.tbd */,
				E7D23B22273A8C8F006DDF4A /* libiconv.tbd */,
				E7D23B20273A8C87006DDF4A /* libxml2.tbd */,
				E7D23B1E273A8C81006DDF4A /* libbz2.tbd */,
				E7D23B1C273A8C77006DDF4A /* libz.tbd */,
				E7D23B1A273A8C6F006DDF4A /* libc++abi.tbd */,
				E7D23B18273A8C68006DDF4A /* libc++.tbd */,
				E7D23B16273A8C61006DDF4A /* libresolv.9.tbd */,
			);
			name = Frameworks;
			sourceTree = "<group>";
		};
/* End PBXGroup section */

/* Begin PBXNativeTarget section */
		E7D23A9D273A8AF2006DDF4A /* ADDemo */ = {
			isa = PBXNativeTarget;
			buildConfigurationList = E7D23AB7273A8AFD006DDF4A /* Build configuration list for PBXNativeTarget "ADDemo" */;
			buildPhases = (
				E7D23A9A273A8AF2006DDF4A /* Sources */,
				E7D23A9B273A8AF2006DDF4A /* Frameworks */,
				E7D23A9C273A8AF2006DDF4A /* Resources */,
				E7D23B14273A8C17006DDF4A /* Embed Frameworks */,
			);
			buildRules = (
			);
			dependencies = (
			);
			name = ADDemo;
			productName = ADDemo;
			productReference = E7D23A9E273A8AF2006DDF4A /* ADDemo.app */;
			productType = "com.apple.product-type.application";
		};
/* End PBXNativeTarget section */

/* Begin PBXProject section */
		E7D23A96273A8AF1006DDF4A /* Project object */ = {
			isa = PBXProject;
			attributes = {
				BuildIndependentTargetsInParallel = 1;
				LastUpgradeCheck = 1310;
				TargetAttributes = {
					E7D23A9D273A8AF2006DDF4A = {
						CreatedOnToolsVersion = 13.1;
					};
				};
			};
			buildConfigurationList = E7D23A99273A8AF1006DDF4A /* Build configuration list for PBXProject "ADDemo" */;
			compatibilityVersion = "Xcode 13.0";
			developmentRegion = en;
			hasScannedForEncodings = 0;
			knownRegions = (
				en,
				Base,
			);
			mainGroup = E7D23A95273A8AF1006DDF4A;
			productRefGroup = E7D23A9F273A8AF2006DDF4A /* Products */;
			projectDirPath = "";
			projectRoot = "";
			targets = (
				E7D23A9D273A8AF2006DDF4A /* ADDemo */,
			);
		};
/* End PBXProject section */

/* Begin PBXResourcesBuildPhase section */
		E7D23A9C273A8AF2006DDF4A /* Resources */ = {
			isa = PBXResourcesBuildPhase;
			buildActionMask = 2147483647;
			files = (
				E775CD45273A92EC00C23527 /* LaunchScreen.storyboard in Resources */,
				E7D23AAE273A8AFD006DDF4A /* Assets.xcassets in Resources */,
				E7D23B0D273A8BA8006DDF4A /* ADTableViewCell.xib in Resources */,
			);
			runOnlyForDeploymentPostprocessing = 0;
		};
/* End PBXResourcesBuildPhase section */

/* Begin PBXSourcesBuildPhase section */
		E7D23A9A273A8AF2006DDF4A /* Sources */ = {
			isa = PBXSourcesBuildPhase;
			buildActionMask = 2147483647;
			files = (
				E7DE535127BD13420065C68F /* SFImageView.m in Sources */,
				E7D23B02273A8BA0006DDF4A /* HalfLaunchScreenViewController.m in Sources */,
				E7D23B11273A8BA8006DDF4A /* MotivationVideoViewController.m in Sources */,
				E7D23B01273A8BA0006DDF4A /* ADTableViewCell.m in Sources */,
				E764056D277C1209002BD834 /* PasterVideoViewController.m in Sources */,
				E7D23B0F273A8BA8006DDF4A /* LaunchScreenViewController.m in Sources */,
				E7D23AA9273A8AF2006DDF4A /* ViewController.m in Sources */,
				E7D23B03273A8BA0006DDF4A /* FeedAdViewController.m in Sources */,
				E7956E92273A8F3700502058 /* IDFAViewController.m in Sources */,
				E7D23B00273A8BA0006DDF4A /* InterstitialViewController.m in Sources */,
				E7D23AB4273A8AFD006DDF4A /* main.m in Sources */,
				E7D23B0E273A8BA8006DDF4A /* BannerViewController.m in Sources */,
				E7D23B10273A8BA8006DDF4A /* NativeExpressAdController.m in Sources */,
				E7D23B04273A8BA0006DDF4A /* AppDelegate.m in Sources */,
				E7109CE0276AE46600F4246F /* FullscreenVideoViewController.m in Sources */,
			);
			runOnlyForDeploymentPostprocessing = 0;
		};
/* End PBXSourcesBuildPhase section */

/* Begin XCBuildConfiguration section */
		E7D23AB5273A8AFD006DDF4A /* Debug */ = {
			isa = XCBuildConfiguration;
			buildSettings = {
				ALWAYS_SEARCH_USER_PATHS = NO;
				CLANG_ANALYZER_NONNULL = YES;
				CLANG_ANALYZER_NUMBER_OBJECT_CONVERSION = YES_AGGRESSIVE;
				CLANG_CXX_LANGUAGE_STANDARD = "gnu++17";
				CLANG_CXX_LIBRARY = "libc++";
				CLANG_ENABLE_MODULES = YES;
				CLANG_ENABLE_OBJC_ARC = YES;
				CLANG_ENABLE_OBJC_WEAK = YES;
				CLANG_WARN_BLOCK_CAPTURE_AUTORELEASING = YES;
				CLANG_WARN_BOOL_CONVERSION = YES;
				CLANG_WARN_COMMA = YES;
				CLANG_WARN_CONSTANT_CONVERSION = YES;
				CLANG_WARN_DEPRECATED_OBJC_IMPLEMENTATIONS = YES;
				CLANG_WARN_DIRECT_OBJC_ISA_USAGE = YES_ERROR;
				CLANG_WARN_DOCUMENTATION_COMMENTS = YES;
				CLANG_WARN_EMPTY_BODY = YES;
				CLANG_WARN_ENUM_CONVERSION = YES;
				CLANG_WARN_INFINITE_RECURSION = YES;
				CLANG_WARN_INT_CONVERSION = YES;
				CLANG_WARN_NON_LITERAL_NULL_CONVERSION = YES;
				CLANG_WARN_OBJC_IMPLICIT_RETAIN_SELF = YES;
				CLANG_WARN_OBJC_LITERAL_CONVERSION = YES;
				CLANG_WARN_OBJC_ROOT_CLASS = YES_ERROR;
				CLANG_WARN_QUOTED_INCLUDE_IN_FRAMEWORK_HEADER = YES;
				CLANG_WARN_RANGE_LOOP_ANALYSIS = YES;
				CLANG_WARN_STRICT_PROTOTYPES = YES;
				CLANG_WARN_SUSPICIOUS_MOVE = YES;
				CLANG_WARN_UNGUARDED_AVAILABILITY = YES_AGGRESSIVE;
				CLANG_WARN_UNREACHABLE_CODE = YES;
				CLANG_WARN__DUPLICATE_METHOD_MATCH = YES;
				COPY_PHASE_STRIP = NO;
				DEBUG_INFORMATION_FORMAT = dwarf;
				ENABLE_STRICT_OBJC_MSGSEND = YES;
				ENABLE_TESTABILITY = YES;
				GCC_C_LANGUAGE_STANDARD = gnu11;
				GCC_DYNAMIC_NO_PIC = NO;
				GCC_NO_COMMON_BLOCKS = YES;
				GCC_OPTIMIZATION_LEVEL = 0;
				GCC_PREPROCESSOR_DEFINITIONS = (
					"DEBUG=1",
					"$(inherited)",
				);
				GCC_WARN_64_TO_32_BIT_CONVERSION = YES;
				GCC_WARN_ABOUT_RETURN_TYPE = YES_ERROR;
				GCC_WARN_UNDECLARED_SELECTOR = YES;
				GCC_WARN_UNINITIALIZED_AUTOS = YES_AGGRESSIVE;
				GCC_WARN_UNUSED_FUNCTION = YES;
				GCC_WARN_UNUSED_VARIABLE = YES;
				IPHONEOS_DEPLOYMENT_TARGET = 15.0;
				MTL_ENABLE_DEBUG_INFO = INCLUDE_SOURCE;
				MTL_FAST_MATH = YES;
				ONLY_ACTIVE_ARCH = YES;
				SDKROOT = iphoneos;
			};
			name = Debug;
		};
		E7D23AB6273A8AFD006DDF4A /* Release */ = {
			isa = XCBuildConfiguration;
			buildSettings = {
				ALWAYS_SEARCH_USER_PATHS = NO;
				CLANG_ANALYZER_NONNULL = YES;
				CLANG_ANALYZER_NUMBER_OBJECT_CONVERSION = YES_AGGRESSIVE;
				CLANG_CXX_LANGUAGE_STANDARD = "gnu++17";
				CLANG_CXX_LIBRARY = "libc++";
				CLANG_ENABLE_MODULES = YES;
				CLANG_ENABLE_OBJC_ARC = YES;
				CLANG_ENABLE_OBJC_WEAK = YES;
				CLANG_WARN_BLOCK_CAPTURE_AUTORELEASING = YES;
				CLANG_WARN_BOOL_CONVERSION = YES;
				CLANG_WARN_COMMA = YES;
				CLANG_WARN_CONSTANT_CONVERSION = YES;
				CLANG_WARN_DEPRECATED_OBJC_IMPLEMENTATIONS = YES;
				CLANG_WARN_DIRECT_OBJC_ISA_USAGE = YES_ERROR;
				CLANG_WARN_DOCUMENTATION_COMMENTS = YES;
				CLANG_WARN_EMPTY_BODY = YES;
				CLANG_WARN_ENUM_CONVERSION = YES;
				CLANG_WARN_INFINITE_RECURSION = YES;
				CLANG_WARN_INT_CONVERSION = YES;
				CLANG_WARN_NON_LITERAL_NULL_CONVERSION = YES;
				CLANG_WARN_OBJC_IMPLICIT_RETAIN_SELF = YES;
				CLANG_WARN_OBJC_LITERAL_CONVERSION = YES;
				CLANG_WARN_OBJC_ROOT_CLASS = YES_ERROR;
				CLANG_WARN_QUOTED_INCLUDE_IN_FRAMEWORK_HEADER = YES;
				CLANG_WARN_RANGE_LOOP_ANALYSIS = YES;
				CLANG_WARN_STRICT_PROTOTYPES = YES;
				CLANG_WARN_SUSPICIOUS_MOVE = YES;
				CLANG_WARN_UNGUARDED_AVAILABILITY = YES_AGGRESSIVE;
				CLANG_WARN_UNREACHABLE_CODE = YES;
				CLANG_WARN__DUPLICATE_METHOD_MATCH = YES;
				COPY_PHASE_STRIP = NO;
				DEBUG_INFORMATION_FORMAT = "dwarf-with-dsym";
				ENABLE_NS_ASSERTIONS = NO;
				ENABLE_STRICT_OBJC_MSGSEND = YES;
				GCC_C_LANGUAGE_STANDARD = gnu11;
				GCC_NO_COMMON_BLOCKS = YES;
				GCC_WARN_64_TO_32_BIT_CONVERSION = YES;
				GCC_WARN_ABOUT_RETURN_TYPE = YES_ERROR;
				GCC_WARN_UNDECLARED_SELECTOR = YES;
				GCC_WARN_UNINITIALIZED_AUTOS = YES_AGGRESSIVE;
				GCC_WARN_UNUSED_FUNCTION = YES;
				GCC_WARN_UNUSED_VARIABLE = YES;
				IPHONEOS_DEPLOYMENT_TARGET = 15.0;
				MTL_ENABLE_DEBUG_INFO = NO;
				MTL_FAST_MATH = YES;
				SDKROOT = iphoneos;
				VALIDATE_PRODUCT = YES;
			};
			name = Release;
		};
		E7D23AB8273A8AFD006DDF4A /* Debug */ = {
			isa = XCBuildConfiguration;
			buildSettings = {
				ASSETCATALOG_COMPILER_APPICON_NAME = AppIcon;
				ASSETCATALOG_COMPILER_GLOBAL_ACCENT_COLOR_NAME = AccentColor;
				CODE_SIGN_STYLE = Automatic;
				CURRENT_PROJECT_VERSION = 1;
				DEVELOPMENT_TEAM = NN56R38BZT;
				ENABLE_BITCODE = NO;
				FRAMEWORK_SEARCH_PATHS = (
					"$(inherited)",
					"$(PROJECT_DIR)/ADDemo/Lib/ksAdapter",
					"$(PROJECT_DIR)/ADDemo/Lib/ksAdapter/ksAD",
					"$(PROJECT_DIR)/ADDemo/Lib/csjAdapter/csjAD",
					"$(PROJECT_DIR)/ADDemo/Lib/csjAdapter",
					"$(PROJECT_DIR)/ADDemo/Lib/jztAdapter",
					"$(PROJECT_DIR)/ADDemo/Lib/jztAdapter/jztAD",
					"$(PROJECT_DIR)/ADDemo/Lib/bdAdapter",
					"$(PROJECT_DIR)/ADDemo/Lib/bdAdapter/bdAD",
					"$(PROJECT_DIR)/ADDemo/Lib/gdtAdapter",
					"$(PROJECT_DIR)/ADDemo/Lib/MSaas",
					"$(PROJECT_DIR)/ADDemo/Lib/mtgAdapter",
					"$(PROJECT_DIR)/ADDemo/Lib/mtgAdapter/mtgAD",
					"$(PROJECT_DIR)/ADDemo/MSaas-SDK/ksAdapter-V3.3.26",
					"$(PROJECT_DIR)/ADDemo/MSaas-SDK/bdAdapter-V4.881/bdAD",
					"$(PROJECT_DIR)/ADDemo/MSaas-SDK/bdAdapter-V4.881",
					"$(PROJECT_DIR)/ADDemo/MSaas-SDK/gdtAdapter-V4.13.72",
					"$(PROJECT_DIR)/ADDemo/MSaas-SDK/csjAdapter-V4.6.0.4/csjAD",
					"$(PROJECT_DIR)/ADDemo/MSaas-SDK/csjAdapter-V4.6.0.4",
					"$(PROJECT_DIR)/ADDemo/MSaas-SDK/MSaas-V2.5.3",
					"$(PROJECT_DIR)/ADDemo/MSaas-SDK/sigmobAdapter-V4.1.2/SigmobAD",
					"$(PROJECT_DIR)/ADDemo/MSaas-SDK/sigmobAdapter-V4.1.2",
					"$(PROJECT_DIR)/ADDemo/MSaas-SDK/mtgAdapter-V7.1.7",
					"$(PROJECT_DIR)/ADDemo/MSaas-SDK/mtgAdapter-V7.1.7/mtgAD",
					"$(PROJECT_DIR)/ADDemo/MSaas-SDK/jztAdapter-V1.4.0",
					"$(PROJECT_DIR)/ADDemo/MSaas-SDK/jztAdapter-V1.4.0/jztAD",
				);
				GENERATE_INFOPLIST_FILE = YES;
				INFOPLIST_FILE = ADDemo/Info.plist;
				INFOPLIST_KEY_NSUserTrackingUsageDescription = "该标识符将用于向您投放个性化广告";
				INFOPLIST_KEY_UIApplicationSupportsIndirectInputEvents = YES;
				INFOPLIST_KEY_UILaunchStoryboardName = LaunchScreen;
				INFOPLIST_KEY_UISupportedInterfaceOrientations_iPad = "UIInterfaceOrientationPortrait UIInterfaceOrientationPortraitUpsideDown UIInterfaceOrientationLandscapeLeft UIInterfaceOrientationLandscapeRight";
				INFOPLIST_KEY_UISupportedInterfaceOrientations_iPhone = "UIInterfaceOrientationPortrait UIInterfaceOrientationLandscapeLeft UIInterfaceOrientationLandscapeRight";
				IPHONEOS_DEPLOYMENT_TARGET = 9.0;
				LD_RUNPATH_SEARCH_PATHS = (
					"$(inherited)",
					"@executable_path/Frameworks",
				);
				LIBRARY_SEARCH_PATHS = (
					"$(PROJECT_DIR)/ADDemo/Lib/gdtAdapter/gdtAD",
					"$(PROJECT_DIR)/ADDemo/MSaas-SDK/gdtAdapter-V4.13.72/gdtAD",
				);
				MARKETING_VERSION = 1.0;
				OTHER_LDFLAGS = "-ObjC";
				PRODUCT_BUNDLE_IDENTIFIER = com.medpro.ios;
				PRODUCT_NAME = "$(TARGET_NAME)";
				SWIFT_EMIT_LOC_STRINGS = YES;
				TARGETED_DEVICE_FAMILY = "1,2";
				VALIDATE_WORKSPACE = YES;
			};
			name = Debug;
		};
		E7D23AB9273A8AFD006DDF4A /* Release */ = {
			isa = XCBuildConfiguration;
			buildSettings = {
				ASSETCATALOG_COMPILER_APPICON_NAME = AppIcon;
				ASSETCATALOG_COMPILER_GLOBAL_ACCENT_COLOR_NAME = AccentColor;
				CODE_SIGN_STYLE = Automatic;
				CURRENT_PROJECT_VERSION = 1;
				DEVELOPMENT_TEAM = NN56R38BZT;
				ENABLE_BITCODE = NO;
				FRAMEWORK_SEARCH_PATHS = (
					"$(inherited)",
					"$(PROJECT_DIR)/ADDemo/Lib/ksAdapter",
					"$(PROJECT_DIR)/ADDemo/Lib/ksAdapter/ksAD",
					"$(PROJECT_DIR)/ADDemo/Lib/csjAdapter/csjAD",
					"$(PROJECT_DIR)/ADDemo/Lib/csjAdapter",
					"$(PROJECT_DIR)/ADDemo/Lib/jztAdapter",
					"$(PROJECT_DIR)/ADDemo/Lib/jztAdapter/jztAD",
					"$(PROJECT_DIR)/ADDemo/Lib/bdAdapter",
					"$(PROJECT_DIR)/ADDemo/Lib/bdAdapter/bdAD",
					"$(PROJECT_DIR)/ADDemo/Lib/gdtAdapter",
					"$(PROJECT_DIR)/ADDemo/Lib/MSaas",
					"$(PROJECT_DIR)/ADDemo/Lib/mtgAdapter",
					"$(PROJECT_DIR)/ADDemo/Lib/mtgAdapter/mtgAD",
					"$(PROJECT_DIR)/ADDemo/MSaas-SDK/ksAdapter-V3.3.26",
					"$(PROJECT_DIR)/ADDemo/MSaas-SDK/bdAdapter-V4.881/bdAD",
					"$(PROJECT_DIR)/ADDemo/MSaas-SDK/bdAdapter-V4.881",
					"$(PROJECT_DIR)/ADDemo/MSaas-SDK/gdtAdapter-V4.13.72",
					"$(PROJECT_DIR)/ADDemo/MSaas-SDK/csjAdapter-V4.6.0.4/csjAD",
					"$(PROJECT_DIR)/ADDemo/MSaas-SDK/csjAdapter-V4.6.0.4",
					"$(PROJECT_DIR)/ADDemo/MSaas-SDK/MSaas-V2.5.3",
					"$(PROJECT_DIR)/ADDemo/MSaas-SDK/sigmobAdapter-V4.1.2/SigmobAD",
					"$(PROJECT_DIR)/ADDemo/MSaas-SDK/sigmobAdapter-V4.1.2",
					"$(PROJECT_DIR)/ADDemo/MSaas-SDK/mtgAdapter-V7.1.7",
					"$(PROJECT_DIR)/ADDemo/MSaas-SDK/mtgAdapter-V7.1.7/mtgAD",
					"$(PROJECT_DIR)/ADDemo/MSaas-SDK/jztAdapter-V1.4.0",
					"$(PROJECT_DIR)/ADDemo/MSaas-SDK/jztAdapter-V1.4.0/jztAD",
				);
				GENERATE_INFOPLIST_FILE = YES;
				INFOPLIST_FILE = ADDemo/Info.plist;
				INFOPLIST_KEY_NSUserTrackingUsageDescription = "该标识符将用于向您投放个性化广告";
				INFOPLIST_KEY_UIApplicationSupportsIndirectInputEvents = YES;
				INFOPLIST_KEY_UILaunchStoryboardName = LaunchScreen;
				INFOPLIST_KEY_UISupportedInterfaceOrientations_iPad = "UIInterfaceOrientationPortrait UIInterfaceOrientationPortraitUpsideDown UIInterfaceOrientationLandscapeLeft UIInterfaceOrientationLandscapeRight";
				INFOPLIST_KEY_UISupportedInterfaceOrientations_iPhone = "UIInterfaceOrientationPortrait UIInterfaceOrientationLandscapeLeft UIInterfaceOrientationLandscapeRight";
				IPHONEOS_DEPLOYMENT_TARGET = 9.0;
				LD_RUNPATH_SEARCH_PATHS = (
					"$(inherited)",
					"@executable_path/Frameworks",
				);
				LIBRARY_SEARCH_PATHS = (
					"$(PROJECT_DIR)/ADDemo/Lib/gdtAdapter/gdtAD",
					"$(PROJECT_DIR)/ADDemo/MSaas-SDK/gdtAdapter-V4.13.72/gdtAD",
				);
				MARKETING_VERSION = 1.0;
				OTHER_LDFLAGS = "-ObjC";
				PRODUCT_BUNDLE_IDENTIFIER = com.medpro.ios;
				PRODUCT_NAME = "$(TARGET_NAME)";
				SWIFT_EMIT_LOC_STRINGS = YES;
				TARGETED_DEVICE_FAMILY = "1,2";
				VALIDATE_WORKSPACE = YES;
			};
			name = Release;
		};
/* End XCBuildConfiguration section */

/* Begin XCConfigurationList section */
		E7D23A99273A8AF1006DDF4A /* Build configuration list for PBXProject "ADDemo" */ = {
			isa = XCConfigurationList;
			buildConfigurations = (
				E7D23AB5273A8AFD006DDF4A /* Debug */,
				E7D23AB6273A8AFD006DDF4A /* Release */,
			);
			defaultConfigurationIsVisible = 0;
			defaultConfigurationName = Release;
		};
		E7D23AB7273A8AFD006DDF4A /* Build configuration list for PBXNativeTarget "ADDemo" */ = {
			isa = XCConfigurationList;
			buildConfigurations = (
				E7D23AB8273A8AFD006DDF4A /* Debug */,
				E7D23AB9273A8AFD006DDF4A /* Release */,
			);
			defaultConfigurationIsVisible = 0;
			defaultConfigurationName = Release;
		};
/* End XCConfigurationList section */
	};
	rootObject = E7D23A96273A8AF1006DDF4A /* Project object */;
}
